
Microsoft Visual Studio Solution File, Format Version 12.00
# Visual Studio Version 16
VisualStudioVersion = 16.0.31025.194
MinimumVisualStudioVersion = 10.0.40219.1
Project("{FAE04EC0-301F-11D3-BF4B-00C04F79EFBC}") = "ConsoleApp", "ConsoleApp\ConsoleApp.csproj", "{B23AF0B8-92BB-4EAF-A95B-FD778BF03AF5}"
EndProject
Project("{FAE04EC0-301F-11D3-BF4B-00C04F79EFBC}") = "Samu", "Samu\Samu.csproj", "{A9CE6F18-5E95-4375-8DBA-415FEF066446}"
EndProject
Global
	GlobalSection(SolutionConfigurationPlatforms) = preSolution
		Debug|Any CPU = Debug|Any CPU
		Release|Any CPU = Release|Any CPU
	EndGlobalSection
	GlobalSection(ProjectConfigurationPlatforms) = postSolution
		{B23AF0B8-92BB-4EAF-A95B-FD778BF03AF5}.Debug|Any CPU.ActiveCfg = Debug|Any CPU
		{B23AF0B8-92BB-4EAF-A95B-FD778BF03AF5}.Debug|Any CPU.Build.0 = Debug|Any CPU
		{B23AF0B8-92BB-4EAF-A95B-FD778BF03AF5}.Release|Any CPU.ActiveCfg = Release|Any CPU
		{B23AF0B8-92BB-4EAF-A95B-FD778BF03AF5}.Release|Any CPU.Build.0 = Release|Any CPU
		{A9CE6F18-5E95-4375-8DBA-415FEF066446}.Debug|Any CPU.ActiveCfg = Debug|Any CPU
		{A9CE6F18-5E95-4375-8DBA-415FEF066446}.Debug|Any CPU.Build.0 = Debug|Any CPU
		{A9CE6F18-5E95-4375-8DBA-415FEF066446}.Release|Any CPU.ActiveCfg = Release|Any CPU
		{A9CE6F18-5E95-4375-8DBA-415FEF066446}.Release|Any CPU.Build.0 = Release|Any CPU
	EndGlobalSection
	GlobalSection(SolutionProperties) = preSolution
		HideSolutionNode = FALSE
	EndGlobalSection
	GlobalSection(ExtensibilityGlobals) = postSolution
		SolutionGuid = {E0CC3610-32B8-4312-9FBA-71C25270FF57}
	EndGlobalSection
EndGlobal
